
Microsoft Visual Studio Solution File, Format Version 12.00
# Visual Studio Version 17
VisualStudioVersion = 17.6.33815.320
MinimumVisualStudioVersion = 10.0.40219.1
Project("{FAE04EC0-301F-11D3-BF4B-00C04F79EFBC}") = "Introduction-to-C#", "Introduction-to-C#\Introduction-to-C#.csproj", "{3ECFABEB-7F96-4A08-B3FE-03B29178F57B}"
EndProject
Global
	GlobalSection(SolutionConfigurationPlatforms) = preSolution
		Debug|Any CPU = Debug|Any CPU
		Release|Any CPU = Release|Any CPU
	EndGlobalSection
	GlobalSection(ProjectConfigurationPlatforms) = postSolution
		{3ECFABEB-7F96-4A08-B3FE-03B29178F57B}.Debug|Any CPU.ActiveCfg = Debug|Any CPU
		{3ECFABEB-7F96-4A08-B3FE-03B29178F57B}.Debug|Any CPU.Build.0 = Debug|Any CPU
		{3ECFABEB-7F96-4A08-B3FE-03B29178F57B}.Release|Any CPU.ActiveCfg = Release|Any CPU
		{3ECFABEB-7F96-4A08-B3FE-03B29178F57B}.Release|Any CPU.Build.0 = Release|Any CPU
	EndGlobalSection
	GlobalSection(SolutionProperties) = preSolution
		HideSolutionNode = FALSE
	EndGlobalSection
	GlobalSection(ExtensibilityGlobals) = postSolution
		SolutionGuid = {D90B6CA9-1215-43B5-B8EB-7BC1BAF469CF}
	EndGlobalSection
EndGlobal
